
Microsoft Visual Studio Solution File, Format Version 12.00
# Visual Studio Version 17
VisualStudioVersion = 17.3.32825.248
MinimumVisualStudioVersion = 10.0.40219.1
Project("{8BC9CEB8-8B4A-11D0-8D11-00A0C91BC942}") = "Allegro_Window", "Allegro_Window\Allegro_Window.vcxproj", "{D1A95554-D446-4EC6-984E-900E7DD3020B}"
EndProject
Global
	GlobalSection(SolutionConfigurationPlatforms) = preSolution
		Debug|x64 = Debug|x64
		Debug|x86 = Debug|x86
		Release|x64 = Release|x64
		Release|x86 = Release|x86
	EndGlobalSection
	GlobalSection(ProjectConfigurationPlatforms) = postSolution
		{D1A95554-D446-4EC6-984E-900E7DD3020B}.Debug|x64.ActiveCfg = Debug|x64
		{D1A95554-D446-4EC6-984E-900E7DD3020B}.Debug|x64.Build.0 = Debug|x64
		{D1A95554-D446-4EC6-984E-900E7DD3020B}.Debug|x86.ActiveCfg = Debug|Win32
		{D1A95554-D446-4EC6-984E-900E7DD3020B}.Debug|x86.Build.0 = Debug|Win32
		{D1A95554-D446-4EC6-984E-900E7DD3020B}.Release|x64.ActiveCfg = Release|x64
		{D1A95554-D446-4EC6-984E-900E7DD3020B}.Release|x64.Build.0 = Release|x64
		{D1A95554-D446-4EC6-984E-900E7DD3020B}.Release|x86.ActiveCfg = Release|Win32
		{D1A95554-D446-4EC6-984E-900E7DD3020B}.Release|x86.Build.0 = Release|Win32
	EndGlobalSection
	GlobalSection(SolutionProperties) = preSolution
		HideSolutionNode = FALSE
	EndGlobalSection
	GlobalSection(ExtensibilityGlobals) = postSolution
		SolutionGuid = {DBE02CE8-3994-48DC-B554-AD61DCE03D96}
	EndGlobalSection
EndGlobal
